{
  "version": 4,
  "terraform_version": "0.12.23",
  "serial": 21,
  "lineage": "308f8471-fb82-273d-5a26-a48596fc76d4",
  "outputs": {},
  "resources": [
    {
      "module": "module.autoscaling_module",
      "mode": "managed",
      "type": "aws_autoscaling_group",
      "name": "sampleapp_asg",
      "provider": "provider.aws",
      "instances": [
        {
          "schema_version": 0,
          "attributes": {
            "arn": "arn:aws:autoscaling:us-east-2:758305131696:autoScalingGroup:8f028560-8554-459f-bdeb-8a1f307a997f:autoScalingGroupName/sampleapp_asg_default",
            "availability_zones": [
              "us-east-2a"
            ],
            "default_cooldown": 300,
            "desired_capacity": 1,
            "enabled_metrics": null,
            "force_delete": false,
            "health_check_grace_period": 300,
            "health_check_type": "EC2",
            "id": "sampleapp_asg_default",
            "initial_lifecycle_hook": [],
            "launch_configuration": "sampleapp_lc_default",
            "launch_template": [],
            "load_balancers": [],
            "max_instance_lifetime": 0,
            "max_size": 2,
            "metrics_granularity": "1Minute",
            "min_elb_capacity": null,
            "min_size": 1,
            "mixed_instances_policy": [],
            "name": "sampleapp_asg_default",
            "name_prefix": null,
            "placement_group": "",
            "protect_from_scale_in": false,
            "service_linked_role_arn": "arn:aws:iam::758305131696:role/aws-service-role/autoscaling.amazonaws.com/AWSServiceRoleForAutoScaling",
            "suspended_processes": null,
            "tag": [],
            "tags": [
              {
                "key": "Name",
                "propagate_at_launch": "true",
                "value": "SampleApp_default"
              },
              {
                "key": "Environment",
                "propagate_at_launch": "true",
                "value": "default"
              }
            ],
            "target_group_arns": [
              "arn:aws:elasticloadbalancing:us-east-2:758305131696:targetgroup/sampleapp-http-tg-default/9ce8a4c86137ded8"
            ],
            "termination_policies": null,
            "timeouts": null,
            "vpc_zone_identifier": [
              "subnet-01152c5f9d3fc4bde"
            ],
            "wait_for_capacity_timeout": "10m",
            "wait_for_elb_capacity": null
          },
          "private": "eyJlMmJmYjczMC1lY2FhLTExZTYtOGY4OC0zNDM2M2JjN2M0YzAiOnsiZGVsZXRlIjo2MDAwMDAwMDAwMDB9fQ==",
          "dependencies": [
            "module.autoscaling_module.aws_launch_configuration.sampleapp_lc",
            "module.loadbalancer_module.aws_lb_target_group.sampleapp_http_tg",
            "module.network_module.aws_security_group.privatesg",
            "module.network_module.aws_security_group.publicsg"
          ]
        }
      ]
    },
    {
      "module": "module.autoscaling_module",
      "mode": "managed",
      "type": "aws_launch_configuration",
      "name": "sampleapp_lc",
      "provider": "provider.aws",
      "instances": [
        {
          "schema_version": 0,
          "attributes": {
            "arn": "arn:aws:autoscaling:us-east-2:758305131696:launchConfiguration:5c109cc2-cf34-48b6-9e3d-0d289521839e:launchConfigurationName/sampleapp_lc_default",
            "associate_public_ip_address": false,
            "ebs_block_device": [],
            "ebs_optimized": false,
            "enable_monitoring": true,
            "ephemeral_block_device": [],
            "iam_instance_profile": "",
            "id": "sampleapp_lc_default",
            "image_id": "ami-097834fcb3081f51a",
            "instance_type": "t2.micro",
            "key_name": "keypem",
            "name": "sampleapp_lc_default",
            "name_prefix": null,
            "placement_tenancy": null,
            "root_block_device": [],
            "security_groups": [
              "sg-00810ffd8e2e1f578"
            ],
            "spot_price": "",
            "user_data": "47195c89a90cff7969398c254aa434dbed28d807",
            "user_data_base64": null,
            "vpc_classic_link_id": "",
            "vpc_classic_link_security_groups": null
          },
          "private": "bnVsbA==",
          "dependencies": [
            "module.network_module.aws_security_group.privatesg",
            "module.network_module.aws_security_group.publicsg"
          ]
        }
      ]
    },
    {
      "module": "module.loadbalancer_module",
      "mode": "managed",
      "type": "aws_lb",
      "name": "sampleapp_alb",
      "provider": "provider.aws",
      "instances": [
        {
          "schema_version": 0,
          "attributes": {
            "access_logs": [
              {
                "bucket": "",
                "enabled": false,
                "prefix": ""
              }
            ],
            "arn": "arn:aws:elasticloadbalancing:us-east-2:758305131696:loadbalancer/app/sampleapp-alb-default/fbe4e1460c7e55a6",
            "arn_suffix": "app/sampleapp-alb-default/fbe4e1460c7e55a6",
            "dns_name": "sampleapp-alb-default-1696349610.us-east-2.elb.amazonaws.com",
            "drop_invalid_header_fields": false,
            "enable_cross_zone_load_balancing": null,
            "enable_deletion_protection": false,
            "enable_http2": true,
            "id": "arn:aws:elasticloadbalancing:us-east-2:758305131696:loadbalancer/app/sampleapp-alb-default/fbe4e1460c7e55a6",
            "idle_timeout": 60,
            "internal": false,
            "ip_address_type": "ipv4",
            "load_balancer_type": "application",
            "name": "sampleapp-alb-default",
            "name_prefix": null,
            "security_groups": [
              "sg-0c85353a1b6c057f2"
            ],
            "subnet_mapping": [
              {
                "allocation_id": "",
                "subnet_id": "subnet-01152c5f9d3fc4bde"
              },
              {
                "allocation_id": "",
                "subnet_id": "subnet-06a9991733adb45bd"
              }
            ],
            "subnets": [
              "subnet-01152c5f9d3fc4bde",
              "subnet-06a9991733adb45bd"
            ],
            "tags": {
              "Environment": "default"
            },
            "timeouts": null,
            "vpc_id": "vpc-0cb87bd71fd2089e0",
            "zone_id": "Z3AADJGX6KTTL2"
          },
          "private": "eyJlMmJmYjczMC1lY2FhLTExZTYtOGY4OC0zNDM2M2JjN2M0YzAiOnsiY3JlYXRlIjo2MDAwMDAwMDAwMDAsImRlbGV0ZSI6NjAwMDAwMDAwMDAwLCJ1cGRhdGUiOjYwMDAwMDAwMDAwMH19",
          "dependencies": [
            "module.network_module.aws_security_group.publicsg"
          ]
        }
      ]
    },
    {
      "module": "module.loadbalancer_module",
      "mode": "managed",
      "type": "aws_lb_listener",
      "name": "http_listener_80",
      "provider": "provider.aws",
      "instances": [
        {
          "schema_version": 0,
          "attributes": {
            "arn": "arn:aws:elasticloadbalancing:us-east-2:758305131696:listener/app/sampleapp-alb-default/fbe4e1460c7e55a6/7271acba284c9f94",
            "certificate_arn": null,
            "default_action": [
              {
                "authenticate_cognito": [],
                "authenticate_oidc": [],
                "fixed_response": [],
                "order": 1,
                "redirect": [],
                "target_group_arn": "arn:aws:elasticloadbalancing:us-east-2:758305131696:targetgroup/sampleapp-http-tg-default/9ce8a4c86137ded8",
                "type": "forward"
              }
            ],
            "id": "arn:aws:elasticloadbalancing:us-east-2:758305131696:listener/app/sampleapp-alb-default/fbe4e1460c7e55a6/7271acba284c9f94",
            "load_balancer_arn": "arn:aws:elasticloadbalancing:us-east-2:758305131696:loadbalancer/app/sampleapp-alb-default/fbe4e1460c7e55a6",
            "port": 80,
            "protocol": "HTTP",
            "ssl_policy": "",
            "timeouts": null
          },
          "private": "eyJlMmJmYjczMC1lY2FhLTExZTYtOGY4OC0zNDM2M2JjN2M0YzAiOnsicmVhZCI6NjAwMDAwMDAwMDAwfX0=",
          "dependencies": [
            "module.loadbalancer_module.aws_lb.sampleapp_alb",
            "module.loadbalancer_module.aws_lb_target_group.sampleapp_http_tg",
            "module.network_module.aws_security_group.publicsg"
          ]
        }
      ]
    },
    {
      "module": "module.loadbalancer_module",
      "mode": "managed",
      "type": "aws_lb_target_group",
      "name": "sampleapp_http_tg",
      "provider": "provider.aws",
      "instances": [
        {
          "schema_version": 0,
          "attributes": {
            "arn": "arn:aws:elasticloadbalancing:us-east-2:758305131696:targetgroup/sampleapp-http-tg-default/9ce8a4c86137ded8",
            "arn_suffix": "targetgroup/sampleapp-http-tg-default/9ce8a4c86137ded8",
            "deregistration_delay": 300,
            "health_check": [
              {
                "enabled": true,
                "healthy_threshold": 2,
                "interval": 5,
                "matcher": "200",
                "path": "/",
                "port": "traffic-port",
                "protocol": "HTTP",
                "timeout": 4,
                "unhealthy_threshold": 10
              }
            ],
            "id": "arn:aws:elasticloadbalancing:us-east-2:758305131696:targetgroup/sampleapp-http-tg-default/9ce8a4c86137ded8",
            "lambda_multi_value_headers_enabled": false,
            "load_balancing_algorithm_type": "round_robin",
            "name": "sampleapp-http-tg-default",
            "name_prefix": null,
            "port": 80,
            "protocol": "HTTP",
            "proxy_protocol_v2": false,
            "slow_start": 0,
            "stickiness": [
              {
                "cookie_duration": 86400,
                "enabled": false,
                "type": "lb_cookie"
              }
            ],
            "tags": null,
            "target_type": "instance",
            "vpc_id": "vpc-0cb87bd71fd2089e0"
          },
          "private": "bnVsbA=="
        }
      ]
    },
    {
      "module": "module.network_module",
      "mode": "managed",
      "type": "aws_security_group",
      "name": "privatesg",
      "provider": "provider.aws",
      "instances": [
        {
          "schema_version": 1,
          "attributes": {
            "arn": "arn:aws:ec2:us-east-2:758305131696:security-group/sg-00810ffd8e2e1f578",
            "description": "privatesg for EC2 default",
            "egress": [
              {
                "cidr_blocks": [
                  "0.0.0.0/0"
                ],
                "description": "",
                "from_port": 80,
                "ipv6_cidr_blocks": [],
                "prefix_list_ids": [],
                "protocol": "tcp",
                "security_groups": [],
                "self": false,
                "to_port": 80
              }
            ],
            "id": "sg-00810ffd8e2e1f578",
            "ingress": [
              {
                "cidr_blocks": [],
                "description": "",
                "from_port": 80,
                "ipv6_cidr_blocks": [],
                "prefix_list_ids": [],
                "protocol": "tcp",
                "security_groups": [
                  "sg-0c85353a1b6c057f2"
                ],
                "self": false,
                "to_port": 80
              }
            ],
            "name": "privatesg_default",
            "name_prefix": null,
            "owner_id": "758305131696",
            "revoke_rules_on_delete": false,
            "tags": null,
            "timeouts": null,
            "vpc_id": "vpc-0cb87bd71fd2089e0"
          },
          "private": "eyJlMmJmYjczMC1lY2FhLTExZTYtOGY4OC0zNDM2M2JjN2M0YzAiOnsiY3JlYXRlIjo2MDAwMDAwMDAwMDAsImRlbGV0ZSI6NjAwMDAwMDAwMDAwfSwic2NoZW1hX3ZlcnNpb24iOiIxIn0=",
          "dependencies": [
            "module.network_module.aws_security_group.publicsg"
          ]
        }
      ]
    },
    {
      "module": "module.network_module",
      "mode": "managed",
      "type": "aws_security_group",
      "name": "publicsg",
      "provider": "provider.aws",
      "instances": [
        {
          "schema_version": 1,
          "attributes": {
            "arn": "arn:aws:ec2:us-east-2:758305131696:security-group/sg-0c85353a1b6c057f2",
            "description": "publicsg for ELB default",
            "egress": [
              {
                "cidr_blocks": [
                  "0.0.0.0/0"
                ],
                "description": "",
                "from_port": 80,
                "ipv6_cidr_blocks": [],
                "prefix_list_ids": [],
                "protocol": "tcp",
                "security_groups": [],
                "self": false,
                "to_port": 80
              }
            ],
            "id": "sg-0c85353a1b6c057f2",
            "ingress": [
              {
                "cidr_blocks": [
                  "0.0.0.0/0"
                ],
                "description": "",
                "from_port": 80,
                "ipv6_cidr_blocks": [],
                "prefix_list_ids": [],
                "protocol": "tcp",
                "security_groups": [],
                "self": false,
                "to_port": 80
              }
            ],
            "name": "publicsg_default",
            "name_prefix": null,
            "owner_id": "758305131696",
            "revoke_rules_on_delete": false,
            "tags": {},
            "timeouts": null,
            "vpc_id": "vpc-0cb87bd71fd2089e0"
          },
          "private": "eyJlMmJmYjczMC1lY2FhLTExZTYtOGY4OC0zNDM2M2JjN2M0YzAiOnsiY3JlYXRlIjo2MDAwMDAwMDAwMDAsImRlbGV0ZSI6NjAwMDAwMDAwMDAwfSwic2NoZW1hX3ZlcnNpb24iOiIxIn0="
        }
      ]
    }
  ]
}
